
Microsoft Visual Studio Solution File, Format Version 12.00
# Visual Studio Version 17
VisualStudioVersion = 17.5.33530.505
MinimumVisualStudioVersion = 10.0.40219.1
Project("{888888A0-9F3D-457C-B088-3A5042F75D52}") = "rAnDoM aPp", "rAnDoM aPp.pyproj", "{7D5C01A2-625E-4435-8347-902E6369A599}"
EndProject
Global
	GlobalSection(SolutionConfigurationPlatforms) = preSolution
		Debug|Any CPU = Debug|Any CPU
		Release|Any CPU = Release|Any CPU
	EndGlobalSection
	GlobalSection(ProjectConfigurationPlatforms) = postSolution
		{7D5C01A2-625E-4435-8347-902E6369A599}.Debug|Any CPU.ActiveCfg = Debug|Any CPU
		{7D5C01A2-625E-4435-8347-902E6369A599}.Release|Any CPU.ActiveCfg = Release|Any CPU
	EndGlobalSection
	GlobalSection(SolutionProperties) = preSolution
		HideSolutionNode = FALSE
	EndGlobalSection
	GlobalSection(ExtensibilityGlobals) = postSolution
		SolutionGuid = {186E53E1-179E-4603-A091-9FA2CE7736DC}
	EndGlobalSection
EndGlobal
